PODS:
  - Alamofire (4.9.0)
  - DBClient/Core (1.4.2):
    - YALResult (= 1.4)
  - DBClient/CoreData (1.4.2):
    - DBClient/Core
    - YALResult (= 1.4)
  - DBClient/Realm (1.4.2):
    - DBClient/Core
    - RealmSwift (~> 3.15.0)
    - YALResult (= 1.4)
  - Differentiator (4.0.1)
  - KeychainAccess (4.2.0)
  - "NSObject+Rx (5.1.0)":
    - RxSwift (~> 5.1)
  - Realm (3.15.0):
    - Realm/Headers (= 3.15.0)
  - Realm/Headers (3.15.0)
  - RealmSwift (3.15.0):
    - Realm (= 3.15.0)
  - RxCocoa (5.1.1):
    - RxRelay (~> 5)
    - RxSwift (~> 5)
  - RxDataSources (4.0.1):
    - Differentiator (~> 4.0)
    - RxCocoa (~> 5.0)
    - RxSwift (~> 5.0)
  - RxRelay (5.1.1):
    - RxSwift (~> 5)
  - RxSwift (5.1.1)
  - SwiftGen (6.1.0)
  - SwiftLint (0.39.2)
  - Swinject (2.7.1)
  - SwinjectAutoregistration (2.7.0):
    - Swinject (~> 2.7)
  - YALAPIClient/Alamofire (2.9.1):
    - Alamofire (= 4.9)
    - YALAPIClient/Core
    - YALResult (= 1.4)
  - YALAPIClient/Core (2.9.1):
    - YALResult (= 1.4)
  - YALResult (1.4)

DEPENDENCIES:
  - DBClient/Core (= 1.4.2)
  - DBClient/CoreData (= 1.4.2)
  - DBClient/Realm (= 1.4.2)
  - KeychainAccess
  - "NSObject+Rx"
  - RxCocoa
  - RxDataSources
  - SwiftGen (~> 6.0)
  - SwiftLint
  - Swinject
  - SwinjectAutoregistration
  - YALAPIClient/Alamofire (= 2.9.1)
  - YALAPIClient/Core (= 2.9.1)

SPEC REPOS:
  trunk:
    - Alamofire
    - DBClient
    - Differentiator
    - KeychainAccess
    - "NSObject+Rx"
    - Realm
    - RealmSwift
    - RxCocoa
    - RxDataSources
    - RxRelay
    - RxSwift
    - SwiftGen
    - SwiftLint
    - Swinject
    - SwinjectAutoregistration
    - YALAPIClient
    - YALResult

SPEC CHECKSUMS:
  Alamofire: afc3e7c6db61476cb45cdd23fed06bad03bbc321
  DBClient: b3f584194748337c2528634e68f0a3e3651c93d7
  Differentiator: 886080237d9f87f322641dedbc5be257061b0602
  KeychainAccess: 3f760109aa99b05d0f231e28b22642da7153e38a
  "NSObject+Rx": fa6bbcc1ab1faa06b01466bc09b1e0692bbc5946
  Realm: 9b834e1be6062f544805252c812348872dc5d4ed
  RealmSwift: 8a41886f8ab6efef9eb8df97de2f2bb911561a79
  RxCocoa: 32065309a38d29b5b0db858819b5bf9ef038b601
  RxDataSources: efee07fa4de48477eca0a4611e6d11e2da9c1114
  RxRelay: d77f7d771495f43c556cbc43eebd1bb54d01e8e9
  RxSwift: 81470a2074fa8780320ea5fe4102807cb7118178
  SwiftGen: f872ca75cbd17bf7103c17f13dcfa0d9a15667b0
  SwiftLint: 22ccbbe3b8008684be5955693bab135e0ed6a447
  Swinject: ddf78b8486dd9b71a667b852cad919ab4484478e
  SwinjectAutoregistration: 330f5012642a8b5c89a8a4adb0c5e52df07382c0
  YALAPIClient: 85485a86e22d2df8467548626f7ae01261373c68
  YALResult: 26915691cdd19269936336d6f28e1a015c64175e

PODFILE CHECKSUM: 888dbf6c8d6f5e80c74e7b796c509212f28e3484

COCOAPODS: 1.9.1
